
Microsoft Visual Studio Solution File, Format Version 12.00
# Visual Studio 2013
VisualStudioVersion = 12.0.21005.1
MinimumVisualStudioVersion = 10.0.40219.1
Project("{E24C65DC-7377-472B-9ABA-BC803B73C61A}") = "My Web Sites(1)", "http://localhost:56707", "{833CA8A4-99BA-4AC8-B4E6-D9645903A7E4}"
	ProjectSection(WebsiteProperties) = preProject
		UseIISExpress = "true"
		TargetFrameworkMoniker = ".NETFramework,Version%3Dv3.5"
		Debug.AspNetCompiler.VirtualPath = "/localhost_56707"
		Debug.AspNetCompiler.PhysicalPath = "My Web Sites\"
		Debug.AspNetCompiler.TargetPath = "PrecompiledWeb\localhost_56707\"
		Debug.AspNetCompiler.Updateable = "true"
		Debug.AspNetCompiler.ForceOverwrite = "true"
		Debug.AspNetCompiler.FixedNames = "false"
		Debug.AspNetCompiler.Debug = "True"
		Release.AspNetCompiler.VirtualPath = "/localhost_56707"
		Release.AspNetCompiler.PhysicalPath = "My Web Sites\"
		Release.AspNetCompiler.TargetPath = "PrecompiledWeb\localhost_56707\"
		Release.AspNetCompiler.Updateable = "true"
		Release.AspNetCompiler.ForceOverwrite = "true"
		Release.AspNetCompiler.FixedNames = "false"
		Release.AspNetCompiler.Debug = "False"
		SlnRelativePath = "My Web Sites\"
	EndProjectSection
EndProject
Global
	GlobalSection(SolutionConfigurationPlatforms) = preSolution
		Debug|Any CPU = Debug|Any CPU
	EndGlobalSection
	GlobalSection(ProjectConfigurationPlatforms) = postSolution
		{833CA8A4-99BA-4AC8-B4E6-D9645903A7E4}.Debug|Any CPU.ActiveCfg = Debug|Any CPU
		{833CA8A4-99BA-4AC8-B4E6-D9645903A7E4}.Debug|Any CPU.Build.0 = Debug|Any CPU
	EndGlobalSection
	GlobalSection(SolutionProperties) = preSolution
		HideSolutionNode = FALSE
	EndGlobalSection
EndGlobal
